
Microsoft Visual Studio Solution File, Format Version 10.00
# Visual C++ Express 2008
Project("{8BC9CEB8-8B4A-11D0-8D11-00A0C91BC942}") = "demoapp", "demoapp.vcproj", "{784BEA12-FC66-4FE1-A5C8-54AE6EC3A383}"
EndProject
Global
	GlobalSection(SolutionConfigurationPlatforms) = preSolution
		Debug|Win32 = Debug|Win32
		Debug|x64 = Debug|x64
		Release|Win32 = Release|Win32
		Release|x64 = Release|x64
	EndGlobalSection
	GlobalSection(ProjectConfigurationPlatforms) = postSolution
		{784BEA12-FC66-4FE1-A5C8-54AE6EC3A383}.Debug|Win32.ActiveCfg = Debug|Win32
		{784BEA12-FC66-4FE1-A5C8-54AE6EC3A383}.Debug|Win32.Build.0 = Debug|Win32
		{784BEA12-FC66-4FE1-A5C8-54AE6EC3A383}.Debug|x64.ActiveCfg = Debug|x64
		{784BEA12-FC66-4FE1-A5C8-54AE6EC3A383}.Debug|x64.Build.0 = Debug|x64
		{784BEA12-FC66-4FE1-A5C8-54AE6EC3A383}.Release|Win32.ActiveCfg = Release|Win32
		{784BEA12-FC66-4FE1-A5C8-54AE6EC3A383}.Release|Win32.Build.0 = Release|Win32
		{784BEA12-FC66-4FE1-A5C8-54AE6EC3A383}.Release|x64.ActiveCfg = Release|x64
		{784BEA12-FC66-4FE1-A5C8-54AE6EC3A383}.Release|x64.Build.0 = Release|x64
	EndGlobalSection
	GlobalSection(SolutionProperties) = preSolution
		HideSolutionNode = FALSE
	EndGlobalSection
EndGlobal
